// !$*UTF8*$!
{
	archiveVersion = 1;
	classes = {
	};
	objectVersion = 46;
	objects = {

/* Begin PBXBuildFile section */
		296339591F357D7A00318400 /* AppDelegate.swift in Sources */ = {isa = PBXBuildFile; fileRef = 296339581F357D7A00318400 /* AppDelegate.swift */; };
		2963395B1F357D7A00318400 /* ViewController.swift in Sources */ = {isa = PBXBuildFile; fileRef = 2963395A1F357D7A00318400 /* ViewController.swift */; };
		2963395E1F357D7A00318400 /* Main.storyboard in Resources */ = {isa = PBXBuildFile; fileRef = 2963395C1F357D7A00318400 /* Main.storyboard */; };
		296339601F357D7A00318400 /* Assets.xcassets in Resources */ = {isa = PBXBuildFile; fileRef = 2963395F1F357D7A00318400 /* Assets.xcassets */; };
		296339631F357D7A00318400 /* LaunchScreen.storyboard in Resources */ = {isa = PBXBuildFile; fileRef = 296339611F357D7A00318400 /* LaunchScreen.storyboard */; };
		2963396E1F357D7A00318400 /* Pokedex3Tests.swift in Sources */ = {isa = PBXBuildFile; fileRef = 2963396D1F357D7A00318400 /* Pokedex3Tests.swift */; };
		296339791F357D7B00318400 /* Pokedex3UITests.swift in Sources */ = {isa = PBXBuildFile; fileRef = 296339781F357D7B00318400 /* Pokedex3UITests.swift */; };
/* End PBXBuildFile section */

/* Begin PBXContainerItemProxy section */
		2963396A1F357D7A00318400 /* PBXContainerItemProxy */ = {
			isa = PBXContainerItemProxy;
			containerPortal = 2963394D1F357D7A00318400 /* Project object */;
			proxyType = 1;
			remoteGlobalIDString = 296339541F357D7A00318400;
			remoteInfo = Pokedex3;
		};
		296339751F357D7B00318400 /* PBXContainerItemProxy */ = {
			isa = PBXContainerItemProxy;
			containerPortal = 2963394D1F357D7A00318400 /* Project object */;
			proxyType = 1;
			remoteGlobalIDString = 296339541F357D7A00318400;
			remoteInfo = Pokedex3;
		};
/* End PBXContainerItemProxy section */

/* Begin PBXFileReference section */
		296339551F357D7A00318400 /* Pokedex3.app */ = {isa = PBXFileReference; explicitFileType = wrapper.application; includeInIndex = 0; path = Pokedex3.app; sourceTree = BUILT_PRODUCTS_DIR; };
		296339581F357D7A00318400 /* AppDelegate.swift */ = {isa = PBXFileReference; lastKnownFileType = sourcecode.swift; path = AppDelegate.swift; sourceTree = "<group>"; };
		2963395A1F357D7A00318400 /* ViewController.swift */ = {isa = PBXFileReference; lastKnownFileType = sourcecode.swift; path = ViewController.swift; sourceTree = "<group>"; };
		2963395D1F357D7A00318400 /* Base */ = {isa = PBXFileReference; lastKnownFileType = file.storyboard; name = Base; path = Base.lproj/Main.storyboard; sourceTree = "<group>"; };
		2963395F1F357D7A00318400 /* Assets.xcassets */ = {isa = PBXFileReference; lastKnownFileType = folder.assetcatalog; path = Assets.xcassets; sourceTree = "<group>"; };
		296339621F357D7A00318400 /* Base */ = {isa = PBXFileReference; lastKnownFileType = file.storyboard; name = Base; path = Base.lproj/LaunchScreen.storyboard; sourceTree = "<group>"; };
		296339641F357D7A00318400 /* Info.plist */ = {isa = PBXFileReference; lastKnownFileType = text.plist.xml; path = Info.plist; sourceTree = "<group>"; };
		296339691F357D7A00318400 /* Pokedex3Tests.xctest */ = {isa = PBXFileReference; explicitFileType = wrapper.cfbundle; includeInIndex = 0; path = Pokedex3Tests.xctest; sourceTree = BUILT_PRODUCTS_DIR; };
		2963396D1F357D7A00318400 /* Pokedex3Tests.swift */ = {isa = PBXFileReference; lastKnownFileType = sourcecode.swift; path = Pokedex3Tests.swift; sourceTree = "<group>"; };
		2963396F1F357D7A00318400 /* Info.plist */ = {isa = PBXFileReference; lastKnownFileType = text.plist.xml; path = Info.plist; sourceTree = "<group>"; };
		296339741F357D7B00318400 /* Pokedex3UITests.xctest */ = {isa = PBXFileReference; explicitFileType = wrapper.cfbundle; includeInIndex = 0; path = Pokedex3UITests.xctest; sourceTree = BUILT_PRODUCTS_DIR; };
		296339781F357D7B00318400 /* Pokedex3UITests.swift */ = {isa = PBXFileReference; lastKnownFileType = sourcecode.swift; path = Pokedex3UITests.swift; sourceTree = "<group>"; };
		2963397A1F357D7B00318400 /* Info.plist */ = {isa = PBXFileReference; lastKnownFileType = text.plist.xml; path = Info.plist; sourceTree = "<group>"; };
/* End PBXFileReference section */

/* Begin PBXFrameworksBuildPhase section */
		296339521F357D7A00318400 /* Frameworks */ = {
			isa = PBXFrameworksBuildPhase;
			buildActionMask = 2147483647;
			files = (
			);
			runOnlyForDeploymentPostprocessing = 0;
		};
		296339661F357D7A00318400 /* Frameworks */ = {
			isa = PBXFrameworksBuildPhase;
			buildActionMask = 2147483647;
			files = (
			);
			runOnlyForDeploymentPostprocessing = 0;
		};
		296339711F357D7B00318400 /* Frameworks */ = {
			isa = PBXFrameworksBuildPhase;
			buildActionMask = 2147483647;
			files = (
			);
			runOnlyForDeploymentPostprocessing = 0;
		};
/* End PBXFrameworksBuildPhase section */

/* Begin PBXGroup section */
		2963394C1F357D7A00318400 = {
			isa = PBXGroup;
			children = (
				296339571F357D7A00318400 /* Pokedex3 */,
				2963396C1F357D7A00318400 /* Pokedex3Tests */,
				296339771F357D7B00318400 /* Pokedex3UITests */,
				296339561F357D7A00318400 /* Products */,
			);
			sourceTree = "<group>";
		};
		296339561F357D7A00318400 /* Products */ = {
			isa = PBXGroup;
			children = (
				296339551F357D7A00318400 /* Pokedex3.app */,
				296339691F357D7A00318400 /* Pokedex3Tests.xctest */,
				296339741F357D7B00318400 /* Pokedex3UITests.xctest */,
			);
			name = Products;
			sourceTree = "<group>";
		};
		296339571F357D7A00318400 /* Pokedex3 */ = {
			isa = PBXGroup;
			children = (
				296339581F357D7A00318400 /* AppDelegate.swift */,
				2963395A1F357D7A00318400 /* ViewController.swift */,
				2963395C1F357D7A00318400 /* Main.storyboard */,
				2963395F1F357D7A00318400 /* Assets.xcassets */,
				296339611F357D7A00318400 /* LaunchScreen.storyboard */,
				296339641F357D7A00318400 /* Info.plist */,
			);
			path = Pokedex3;
			sourceTree = "<group>";
		};
		2963396C1F357D7A00318400 /* Pokedex3Tests */ = {
			isa = PBXGroup;
			children = (
				2963396D1F357D7A00318400 /* Pokedex3Tests.swift */,
				2963396F1F357D7A00318400 /* Info.plist */,
			);
			path = Pokedex3Tests;
			sourceTree = "<group>";
		};
		296339771F357D7B00318400 /* Pokedex3UITests */ = {
			isa = PBXGroup;
			children = (
				296339781F357D7B00318400 /* Pokedex3UITests.swift */,
				2963397A1F357D7B00318400 /* Info.plist */,
			);
			path = Pokedex3UITests;
			sourceTree = "<group>";
		};
/* End PBXGroup section */

/* Begin PBXNativeTarget section */
		296339541F357D7A00318400 /* Pokedex3 */ = {
			isa = PBXNativeTarget;
			buildConfigurationList = 2963397D1F357D7B00318400 /* Build configuration list for PBXNativeTarget "Pokedex3" */;
			buildPhases = (
				296339511F357D7A00318400 /* Sources */,
				296339521F357D7A00318400 /* Frameworks */,
				296339531F357D7A00318400 /* Resources */,
			);
			buildRules = (
			);
			dependencies = (
			);
			name = Pokedex3;
			productName = Pokedex3;
			productReference = 296339551F357D7A00318400 /* Pokedex3.app */;
			productType = "com.apple.product-type.application";
		};
		296339681F357D7A00318400 /* Pokedex3Tests */ = {
			isa = PBXNativeTarget;
			buildConfigurationList = 296339801F357D7B00318400 /* Build configuration list for PBXNativeTarget "Pokedex3Tests" */;
			buildPhases = (
				296339651F357D7A00318400 /* Sources */,
				296339661F357D7A00318400 /* Frameworks */,
				296339671F357D7A00318400 /* Resources */,
			);
			buildRules = (
			);
			dependencies = (
				2963396B1F357D7A00318400 /* PBXTargetDependency */,
			);
			name = Pokedex3Tests;
			productName = Pokedex3Tests;
			productReference = 296339691F357D7A00318400 /* Pokedex3Tests.xctest */;
			productType = "com.apple.product-type.bundle.unit-test";
		};
		296339731F357D7B00318400 /* Pokedex3UITests */ = {
			isa = PBXNativeTarget;
			buildConfigurationList = 296339831F357D7B00318400 /* Build configuration list for PBXNativeTarget "Pokedex3UITests" */;
			buildPhases = (
				296339701F357D7B00318400 /* Sources */,
				296339711F357D7B00318400 /* Frameworks */,
				296339721F357D7B00318400 /* Resources */,
			);
			buildRules = (
			);
			dependencies = (
				296339761F357D7B00318400 /* PBXTargetDependency */,
			);
			name = Pokedex3UITests;
			productName = Pokedex3UITests;
			productReference = 296339741F357D7B00318400 /* Pokedex3UITests.xctest */;
			productType = "com.apple.product-type.bundle.ui-testing";
		};
/* End PBXNativeTarget section */

/* Begin PBXProject section */
		2963394D1F357D7A00318400 /* Project object */ = {
			isa = PBXProject;
			attributes = {
				LastSwiftUpdateCheck = 0830;
				LastUpgradeCheck = 0830;
				ORGANIZATIONNAME = "Kanishk Verma";
				TargetAttributes = {
					296339541F357D7A00318400 = {
						CreatedOnToolsVersion = 8.3.3;
						ProvisioningStyle = Automatic;
					};
					296339681F357D7A00318400 = {
						CreatedOnToolsVersion = 8.3.3;
						ProvisioningStyle = Automatic;
						TestTargetID = 296339541F357D7A00318400;
					};
					296339731F357D7B00318400 = {
						CreatedOnToolsVersion = 8.3.3;
						ProvisioningStyle = Automatic;
						TestTargetID = 296339541F357D7A00318400;
					};
				};
			};
			buildConfigurationList = 296339501F357D7A00318400 /* Build configuration list for PBXProject "Pokedex3" */;
			compatibilityVersion = "Xcode 3.2";
			developmentRegion = English;
			hasScannedForEncodings = 0;
			knownRegions = (
				en,
				Base,
			);
			mainGroup = 2963394C1F357D7A00318400;
			productRefGroup = 296339561F357D7A00318400 /* Products */;
			projectDirPath = "";
			projectRoot = "";
			targets = (
				296339541F357D7A00318400 /* Pokedex3 */,
				296339681F357D7A00318400 /* Pokedex3Tests */,
				296339731F357D7B00318400 /* Pokedex3UITests */,
			);
		};
/* End PBXProject section */

/* Begin PBXResourcesBuildPhase section */
		296339531F357D7A00318400 /* Resources */ = {
			isa = PBXResourcesBuildPhase;
			buildActionMask = 2147483647;
			files = (
				296339631F357D7A00318400 /* LaunchScreen.storyboard in Resources */,
				296339601F357D7A00318400 /* Assets.xcassets in Resources */,
				2963395E1F357D7A00318400 /* Main.storyboard in Resources */,
			);
			runOnlyForDeploymentPostprocessing = 0;
		};
		296339671F357D7A00318400 /* Resources */ = {
			isa = PBXResourcesBuildPhase;
			buildActionMask = 2147483647;
			files = (
			);
			runOnlyForDeploymentPostprocessing = 0;
		};
		296339721F357D7B00318400 /* Resources */ = {
			isa = PBXResourcesBuildPhase;
			buildActionMask = 2147483647;
			files = (
			);
			runOnlyForDeploymentPostprocessing = 0;
		};
/* End PBXResourcesBuildPhase section */

/* Begin PBXSourcesBuildPhase section */
		296339511F357D7A00318400 /* Sources */ = {
			isa = PBXSourcesBuildPhase;
			buildActionMask = 2147483647;
			files = (
				2963395B1F357D7A00318400 /* ViewController.swift in Sources */,
				296339591F357D7A00318400 /* AppDelegate.swift in Sources */,
			);
			runOnlyForDeploymentPostprocessing = 0;
		};
		296339651F357D7A00318400 /* Sources */ = {
			isa = PBXSourcesBuildPhase;
			buildActionMask = 2147483647;
			files = (
				2963396E1F357D7A00318400 /* Pokedex3Tests.swift in Sources */,
			);
			runOnlyForDeploymentPostprocessing = 0;
		};
		296339701F357D7B00318400 /* Sources */ = {
			isa = PBXSourcesBuildPhase;
			buildActionMask = 2147483647;
			files = (
				296339791F357D7B00318400 /* Pokedex3UITests.swift in Sources */,
			);
			runOnlyForDeploymentPostprocessing = 0;
		};
/* End PBXSourcesBuildPhase section */

/* Begin PBXTargetDependency section */
		2963396B1F357D7A00318400 /* PBXTargetDependency */ = {
			isa = PBXTargetDependency;
			target = 296339541F357D7A00318400 /* Pokedex3 */;
			targetProxy = 2963396A1F357D7A00318400 /* PBXContainerItemProxy */;
		};
		296339761F357D7B00318400 /* PBXTargetDependency */ = {
			isa = PBXTargetDependency;
			target = 296339541F357D7A00318400 /* Pokedex3 */;
			targetProxy = 296339751F357D7B00318400 /* PBXContainerItemProxy */;
		};
/* End PBXTargetDependency section */

/* Begin PBXVariantGroup section */
		2963395C1F357D7A00318400 /* Main.storyboard */ = {
			isa = PBXVariantGroup;
			children = (
				2963395D1F357D7A00318400 /* Base */,
			);
			name = Main.storyboard;
			sourceTree = "<group>";
		};
		296339611F357D7A00318400 /* LaunchScreen.storyboard */ = {
			isa = PBXVariantGroup;
			children = (
				296339621F357D7A00318400 /* Base */,
			);
			name = LaunchScreen.storyboard;
			sourceTree = "<group>";
		};
/* End PBXVariantGroup section */

/* Begin XCBuildConfiguration section */
		2963397B1F357D7B00318400 /* Debug */ = {
			isa = XCBuildConfiguration;
			buildSettings = {
				ALWAYS_SEARCH_USER_PATHS = NO;
				CLANG_ANALYZER_NONNULL = YES;
				CLANG_ANALYZER_NUMBER_OBJECT_CONVERSION = YES_AGGRESSIVE;
				CLANG_CXX_LANGUAGE_STANDARD = "gnu++0x";
				CLANG_CXX_LIBRARY = "libc++";
				CLANG_ENABLE_MODULES = YES;
				CLANG_ENABLE_OBJC_ARC = YES;
				CLANG_WARN_BOOL_CONVERSION = YES;
				CLANG_WARN_CONSTANT_CONVERSION = YES;
				CLANG_WARN_DIRECT_OBJC_ISA_USAGE = YES_ERROR;
				CLANG_WARN_DOCUMENTATION_COMMENTS = YES;
				CLANG_WARN_EMPTY_BODY = YES;
				CLANG_WARN_ENUM_CONVERSION = YES;
				CLANG_WARN_INFINITE_RECURSION = YES;
				CLANG_WARN_INT_CONVERSION = YES;
				CLANG_WARN_OBJC_ROOT_CLASS = YES_ERROR;
				CLANG_WARN_SUSPICIOUS_MOVE = YES;
				CLANG_WARN_UNREACHABLE_CODE = YES;
				CLANG_WARN__DUPLICATE_METHOD_MATCH = YES;
				"CODE_SIGN_IDENTITY[sdk=iphoneos*]" = "iPhone Developer";
				COPY_PHASE_STRIP = NO;
				DEBUG_INFORMATION_FORMAT = dwarf;
				ENABLE_STRICT_OBJC_MSGSEND = YES;
				ENABLE_TESTABILITY = YES;
				GCC_C_LANGUAGE_STANDARD = gnu99;
				GCC_DYNAMIC_NO_PIC = NO;
				GCC_NO_COMMON_BLOCKS = YES;
				GCC_OPTIMIZATION_LEVEL = 0;
				GCC_PREPROCESSOR_DEFINITIONS = (
					"DEBUG=1",
					"$(inherited)",
				);
				GCC_WARN_64_TO_32_BIT_CONVERSION = YES;
				GCC_WARN_ABOUT_RETURN_TYPE = YES_ERROR;
				GCC_WARN_UNDECLARED_SELECTOR = YES;
				GCC_WARN_UNINITIALIZED_AUTOS = YES_AGGRESSIVE;
				GCC_WARN_UNUSED_FUNCTION = YES;
				GCC_WARN_UNUSED_VARIABLE = YES;
				IPHONEOS_DEPLOYMENT_TARGET = 10.3;
				MTL_ENABLE_DEBUG_INFO = YES;
				ONLY_ACTIVE_ARCH = YES;
				SDKROOT = iphoneos;
				SWIFT_ACTIVE_COMPILATION_CONDITIONS = DEBUG;
				SWIFT_OPTIMIZATION_LEVEL = "-Onone";
				TARGETED_DEVICE_FAMILY = "1,2";
			};
			name = Debug;
		};
		2963397C1F357D7B00318400 /* Release */ = {
			isa = XCBuildConfiguration;
			buildSettings = {
				ALWAYS_SEARCH_USER_PATHS = NO;
				CLANG_ANALYZER_NONNULL = YES;
				CLANG_ANALYZER_NUMBER_OBJECT_CONVERSION = YES_AGGRESSIVE;
				CLANG_CXX_LANGUAGE_STANDARD = "gnu++0x";
				CLANG_CXX_LIBRARY = "libc++";
				CLANG_ENABLE_MODULES = YES;
				CLANG_ENABLE_OBJC_ARC = YES;
				CLANG_WARN_BOOL_CONVERSION = YES;
				CLANG_WARN_CONSTANT_CONVERSION = YES;
				CLANG_WARN_DIRECT_OBJC_ISA_USAGE = YES_ERROR;
				CLANG_WARN_DOCUMENTATION_COMMENTS = YES;
				CLANG_WARN_EMPTY_BODY = YES;
				CLANG_WARN_ENUM_CONVERSION = YES;
				CLANG_WARN_INFINITE_RECURSION = YES;
				CLANG_WARN_INT_CONVERSION = YES;
				CLANG_WARN_OBJC_ROOT_CLASS = YES_ERROR;
				CLANG_WARN_SUSPICIOUS_MOVE = YES;
				CLANG_WARN_UNREACHABLE_CODE = YES;
				CLANG_WARN__DUPLICATE_METHOD_MATCH = YES;
				"CODE_SIGN_IDENTITY[sdk=iphoneos*]" = "iPhone Developer";
				COPY_PHASE_STRIP = NO;
				DEBUG_INFORMATION_FORMAT = "dwarf-with-dsym";
				ENABLE_NS_ASSERTIONS = NO;
				ENABLE_STRICT_OBJC_MSGSEND = YES;
				GCC_C_LANGUAGE_STANDARD = gnu99;
				GCC_NO_COMMON_BLOCKS = YES;
				GCC_WARN_64_TO_32_BIT_CONVERSION = YES;
				GCC_WARN_ABOUT_RETURN_TYPE = YES_ERROR;
				GCC_WARN_UNDECLARED_SELECTOR = YES;
				GCC_WARN_UNINITIALIZED_AUTOS = YES_AGGRESSIVE;
				GCC_WARN_UNUSED_FUNCTION = YES;
				GCC_WARN_UNUSED_VARIABLE = YES;
				IPHONEOS_DEPLOYMENT_TARGET = 10.3;
				MTL_ENABLE_DEBUG_INFO = NO;
				SDKROOT = iphoneos;
				SWIFT_OPTIMIZATION_LEVEL = "-Owholemodule";
				TARGETED_DEVICE_FAMILY = "1,2";
				VALIDATE_PRODUCT = YES;
			};
			name = Release;
		};
		2963397E1F357D7B00318400 /* Debug */ = {
			isa = XCBuildConfiguration;
			buildSettings = {
				ASSETCATALOG_COMPILER_APPICON_NAME = AppIcon;
				INFOPLIST_FILE = Pokedex3/Info.plist;
				LD_RUNPATH_SEARCH_PATHS = "$(inherited) @executable_path/Frameworks";
				PRODUCT_BUNDLE_IDENTIFIER = a.Pokedex3;
				PRODUCT_NAME = "$(TARGET_NAME)";
				SWIFT_VERSION = 3.0;
			};
			name = Debug;
		};
		2963397F1F357D7B00318400 /* Release */ = {
			isa = XCBuildConfiguration;
			buildSettings = {
				ASSETCATALOG_COMPILER_APPICON_NAME = AppIcon;
				INFOPLIST_FILE = Pokedex3/Info.plist;
				LD_RUNPATH_SEARCH_PATHS = "$(inherited) @executable_path/Frameworks";
				PRODUCT_BUNDLE_IDENTIFIER = a.Pokedex3;
				PRODUCT_NAME = "$(TARGET_NAME)";
				SWIFT_VERSION = 3.0;
			};
			name = Release;
		};
		296339811F357D7B00318400 /* Debug */ = {
			isa = XCBuildConfiguration;
			buildSettings = {
				ALWAYS_EMBED_SWIFT_STANDARD_LIBRARIES = YES;
				BUNDLE_LOADER = "$(TEST_HOST)";
				INFOPLIST_FILE = Pokedex3Tests/Info.plist;
				LD_RUNPATH_SEARCH_PATHS = "$(inherited) @executable_path/Frameworks @loader_path/Frameworks";
				PRODUCT_BUNDLE_IDENTIFIER = a.Pokedex3Tests;
				PRODUCT_NAME = "$(TARGET_NAME)";
				SWIFT_VERSION = 3.0;
				TEST_HOST = "$(BUILT_PRODUCTS_DIR)/Pokedex3.app/Pokedex3";
			};
			name = Debug;
		};
		296339821F357D7B00318400 /* Release */ = {
			isa = XCBuildConfiguration;
			buildSettings = {
				ALWAYS_EMBED_SWIFT_STANDARD_LIBRARIES = YES;
				BUNDLE_LOADER = "$(TEST_HOST)";
				INFOPLIST_FILE = Pokedex3Tests/Info.plist;
				LD_RUNPATH_SEARCH_PATHS = "$(inherited) @executable_path/Frameworks @loader_path/Frameworks";
				PRODUCT_BUNDLE_IDENTIFIER = a.Pokedex3Tests;
				PRODUCT_NAME = "$(TARGET_NAME)";
				SWIFT_VERSION = 3.0;
				TEST_HOST = "$(BUILT_PRODUCTS_DIR)/Pokedex3.app/Pokedex3";
			};
			name = Release;
		};
		296339841F357D7B00318400 /* Debug */ = {
			isa = XCBuildConfiguration;
			buildSettings = {
				ALWAYS_EMBED_SWIFT_STANDARD_LIBRARIES = YES;
				INFOPLIST_FILE = Pokedex3UITests/Info.plist;
				LD_RUNPATH_SEARCH_PATHS = "$(inherited) @executable_path/Frameworks @loader_path/Frameworks";
				PRODUCT_BUNDLE_IDENTIFIER = a.Pokedex3UITests;
				PRODUCT_NAME = "$(TARGET_NAME)";
				SWIFT_VERSION = 3.0;
				TEST_TARGET_NAME = Pokedex3;
			};
			name = Debug;
		};
		296339851F357D7B00318400 /* Release */ = {
			isa = XCBuildConfiguration;
			buildSettings = {
				ALWAYS_EMBED_SWIFT_STANDARD_LIBRARIES = YES;
				INFOPLIST_FILE = Pokedex3UITests/Info.plist;
				LD_RUNPATH_SEARCH_PATHS = "$(inherited) @executable_path/Frameworks @loader_path/Frameworks";
				PRODUCT_BUNDLE_IDENTIFIER = a.Pokedex3UITests;
				PRODUCT_NAME = "$(TARGET_NAME)";
				SWIFT_VERSION = 3.0;
				TEST_TARGET_NAME = Pokedex3;
			};
			name = Release;
		};
/* End XCBuildConfiguration section */

/* Begin XCConfigurationList section */
		296339501F357D7A00318400 /* Build configuration list for PBXProject "Pokedex3" */ = {
			isa = XCConfigurationList;
			buildConfigurations = (
				2963397B1F357D7B00318400 /* Debug */,
				2963397C1F357D7B00318400 /* Release */,
			);
			defaultConfigurationIsVisible = 0;
			defaultConfigurationName = Release;
		};
		2963397D1F357D7B00318400 /* Build configuration list for PBXNativeTarget "Pokedex3" */ = {
			isa = XCConfigurationList;
			buildConfigurations = (
				2963397E1F357D7B00318400 /* Debug */,
				2963397F1F357D7B00318400 /* Release */,
			);
			defaultConfigurationIsVisible = 0;
		};
		296339801F357D7B00318400 /* Build configuration list for PBXNativeTarget "Pokedex3Tests" */ = {
			isa = XCConfigurationList;
			buildConfigurations = (
				296339811F357D7B00318400 /* Debug */,
				296339821F357D7B00318400 /* Release */,
			);
			defaultConfigurationIsVisible = 0;
		};
		296339831F357D7B00318400 /* Build configuration list for PBXNativeTarget "Pokedex3UITests" */ = {
			isa = XCConfigurationList;
			buildConfigurations = (
				296339841F357D7B00318400 /* Debug */,
				296339851F357D7B00318400 /* Release */,
			);
			defaultConfigurationIsVisible = 0;
		};
/* End XCConfigurationList section */
	};
	rootObject = 2963394D1F357D7A00318400 /* Project object */;
}
